
Microsoft Visual Studio Solution File, Format Version 12.00
# Visual Studio Version 17
VisualStudioVersion = 17.3.32505.426
MinimumVisualStudioVersion = 10.0.40219.1
Project("{9A19103F-16F7-4668-BE54-9A1E7A4F7556}") = "SignalRChat", "SignalRChat\SignalRChat.csproj", "{81F4CE54-8864-4B18-BD23-07CC24240561}"
EndProject
Project("{FAE04EC0-301F-11D3-BF4B-00C04F79EFBC}") = "WebApi", "WebApi\WebApi.csproj", "{44138A2D-D55C-4856-9ECE-89E53B9CACF3}"
EndProject
Global
	GlobalSection(SolutionConfigurationPlatforms) = preSolution
		Debug|Any CPU = Debug|Any CPU
		Release|Any CPU = Release|Any CPU
	EndGlobalSection
	GlobalSection(ProjectConfigurationPlatforms) = postSolution
		{81F4CE54-8864-4B18-BD23-07CC24240561}.Debug|Any CPU.ActiveCfg = Debug|Any CPU
		{81F4CE54-8864-4B18-BD23-07CC24240561}.Debug|Any CPU.Build.0 = Debug|Any CPU
		{81F4CE54-8864-4B18-BD23-07CC24240561}.Release|Any CPU.ActiveCfg = Release|Any CPU
		{81F4CE54-8864-4B18-BD23-07CC24240561}.Release|Any CPU.Build.0 = Release|Any CPU
		{44138A2D-D55C-4856-9ECE-89E53B9CACF3}.Debug|Any CPU.ActiveCfg = Debug|Any CPU
		{44138A2D-D55C-4856-9ECE-89E53B9CACF3}.Debug|Any CPU.Build.0 = Debug|Any CPU
		{44138A2D-D55C-4856-9ECE-89E53B9CACF3}.Release|Any CPU.ActiveCfg = Release|Any CPU
		{44138A2D-D55C-4856-9ECE-89E53B9CACF3}.Release|Any CPU.Build.0 = Release|Any CPU
	EndGlobalSection
	GlobalSection(SolutionProperties) = preSolution
		HideSolutionNode = FALSE
	EndGlobalSection
	GlobalSection(ExtensibilityGlobals) = postSolution
		SolutionGuid = {D2C443E6-A8FB-43E6-A865-1B25AA07FCEA}
	EndGlobalSection
EndGlobal
